
Microsoft Visual Studio Solution File, Format Version 12.00
# Visual Studio 2012
Project("{8BC9CEB8-8B4A-11D0-8D11-00A0C91BC942}") = "E 070", "E 070\E 070.vcxproj", "{1A708CF4-4E19-4F0A-AA7F-6FAC0EDAFE87}"
EndProject
Global
	GlobalSection(SolutionConfigurationPlatforms) = preSolution
		Debug|Win32 = Debug|Win32
		Release|Win32 = Release|Win32
	EndGlobalSection
	GlobalSection(ProjectConfigurationPlatforms) = postSolution
		{1A708CF4-4E19-4F0A-AA7F-6FAC0EDAFE87}.Debug|Win32.ActiveCfg = Debug|Win32
		{1A708CF4-4E19-4F0A-AA7F-6FAC0EDAFE87}.Debug|Win32.Build.0 = Debug|Win32
		{1A708CF4-4E19-4F0A-AA7F-6FAC0EDAFE87}.Release|Win32.ActiveCfg = Release|Win32
		{1A708CF4-4E19-4F0A-AA7F-6FAC0EDAFE87}.Release|Win32.Build.0 = Release|Win32
	EndGlobalSection
	GlobalSection(SolutionProperties) = preSolution
		HideSolutionNode = FALSE
	EndGlobalSection
EndGlobal
